
Microsoft Visual Studio Solution File, Format Version 12.00
# Visual Studio Version 17
VisualStudioVersion = 17.8.34316.72
MinimumVisualStudioVersion = 10.0.40219.1
Project("{FAE04EC0-301F-11D3-BF4B-00C04F79EFBC}") = "DTCL", "DTCL.csproj", "{B50BF7EE-0BCD-4455-88EC-DAA08765EB33}"
EndProject
Project("{FAE04EC0-301F-11D3-BF4B-00C04F79EFBC}") = "TestConsole", "..\TestConsole\TestConsole.csproj", "{4957DCBA-C850-4DBD-B0CE-64F431639EDF}"
EndProject
Global
	GlobalSection(SolutionConfigurationPlatforms) = preSolution
		Debug|Any CPU = Debug|Any CPU
		Debug|x64 = Debug|x64
		Release|Any CPU = Release|Any CPU
		Release|x64 = Release|x64
	EndGlobalSection
	GlobalSection(ProjectConfigurationPlatforms) = postSolution
		{B50BF7EE-0BCD-4455-88EC-DAA08765EB33}.Debug|Any CPU.ActiveCfg = Debug|Any CPU
		{B50BF7EE-0BCD-4455-88EC-DAA08765EB33}.Debug|Any CPU.Build.0 = Debug|Any CPU
		{B50BF7EE-0BCD-4455-88EC-DAA08765EB33}.Debug|x64.ActiveCfg = Debug|x64
		{B50BF7EE-0BCD-4455-88EC-DAA08765EB33}.Debug|x64.Build.0 = Debug|x64
		{B50BF7EE-0BCD-4455-88EC-DAA08765EB33}.Release|Any CPU.ActiveCfg = Release|Any CPU
		{B50BF7EE-0BCD-4455-88EC-DAA08765EB33}.Release|Any CPU.Build.0 = Release|Any CPU
		{B50BF7EE-0BCD-4455-88EC-DAA08765EB33}.Release|x64.ActiveCfg = Release|x64
		{B50BF7EE-0BCD-4455-88EC-DAA08765EB33}.Release|x64.Build.0 = Release|x64
		{4957DCBA-C850-4DBD-B0CE-64F431639EDF}.Debug|Any CPU.ActiveCfg = Debug|Any CPU
		{4957DCBA-C850-4DBD-B0CE-64F431639EDF}.Debug|Any CPU.Build.0 = Debug|Any CPU
		{4957DCBA-C850-4DBD-B0CE-64F431639EDF}.Debug|x64.ActiveCfg = Debug|Any CPU
		{4957DCBA-C850-4DBD-B0CE-64F431639EDF}.Debug|x64.Build.0 = Debug|Any CPU
		{4957DCBA-C850-4DBD-B0CE-64F431639EDF}.Release|Any CPU.ActiveCfg = Release|Any CPU
		{4957DCBA-C850-4DBD-B0CE-64F431639EDF}.Release|Any CPU.Build.0 = Release|Any CPU
		{4957DCBA-C850-4DBD-B0CE-64F431639EDF}.Release|x64.ActiveCfg = Release|Any CPU
		{4957DCBA-C850-4DBD-B0CE-64F431639EDF}.Release|x64.Build.0 = Release|Any CPU
	EndGlobalSection
	GlobalSection(SolutionProperties) = preSolution
		HideSolutionNode = FALSE
	EndGlobalSection
	GlobalSection(ExtensibilityGlobals) = postSolution
		SolutionGuid = {7AE233D7-8AB0-4B2E-8CCB-157257E32195}
	EndGlobalSection
EndGlobal
